<?xml version="1.0" encoding="utf-8"?>
<Project ToolsVersion="4.0" xmlns="http://schemas.microsoft.com/developer/msbuild/2003">
  <ItemGroup>
    <Filter Include="Source Files">
      <UniqueIdentifier>{4FC737F1-C7A5-4376-A066-2A32D752A2FF}</UniqueIdentifier>
      <Extensions>cpp;c;cc;cxx;c++;cppm;ixx;def;odl;idl;hpj;bat;asm;asmx</Extensions>
    </Filter>
    <Filter Include="Header Files">
      <UniqueIdentifier>{93995380-89BD-4b04-88EB-625FBE52EBFB}</UniqueIdentifier>
      <Extensions>h;hh;hpp;hxx;h++;hm;inl;inc;ipp;xsd</Extensions>
    </Filter>
    <Filter Include="Resource Files">
      <UniqueIdentifier>{67DA6AB6-F800-4c08-8B7A-83BB121AAD01}</UniqueIdentifier>
      <Extensions>rc;ico;cur;bmp;dlg;rc2;rct;bin;rgs;gif;jpg;jpeg;jpe;resx;tiff;tif;png;wav;mfcribbon-ms</Extensions>
    </Filter>
  </ItemGroup>
  <ItemGroup>
    <ClCompile Include="src\main.cpp">
      <Filter>Source Files</Filter>
    </ClCompile>
    <ClCompile Include="src\LL_RTS_Character.cpp">
      <Filter>Source Files</Filter>
    </ClCompile>
    <ClCompile Include="src\LL_RTS_Player.cpp">
      <Filter>Source Files</Filter>
    </ClCompile>
    <ClCompile Include="src\LL_Maths.cpp">
      <Filter>Source Files</Filter>
    </ClCompile>
    <ClCompile Include="src\LL_RTS_GameMaster.cpp">
      <Filter>Source Files</Filter>
    </ClCompile>
    <ClCompile Include="src\LL_RTS_Entity.cpp">
      <Filter>Source Files</Filter>
    </ClCompile>
    <ClCompile Include="src\LL_RTS_EntitySlot.cpp">
      <Filter>Source Files</Filter>
    </ClCompile>
    <ClCompile Include="src\LL_RTS_ResourcePool.cpp">
      <Filter>Source Files</Filter>
    </ClCompile>
    <ClCompile Include="src\LL_Grid.cpp">
      <Filter>Source Files</Filter>
    </ClCompile>
    <ClCompile Include="src\LL_GridTile.cpp">
      <Filter>Source Files</Filter>
    </ClCompile>
    <ClCompile Include="src\LL_Pathfinder.cpp">
      <Filter>Source Files</Filter>
    </ClCompile>
    <ClCompile Include="src\LL_Movement.cpp">
      <Filter>Source Files</Filter>
    </ClCompile>
  </ItemGroup>
  <ItemGroup>
    <ClInclude Include="inc\LL_Maths.h">
      <Filter>Header Files</Filter>
    </ClInclude>
    <ClInclude Include="inc\LL_RTS_Character.h">
      <Filter>Header Files</Filter>
    </ClInclude>
    <ClInclude Include="inc\LL_RTS_Enumerators.h">
      <Filter>Header Files</Filter>
    </ClInclude>
    <ClInclude Include="inc\LL_RTS_Player.h">
      <Filter>Header Files</Filter>
    </ClInclude>
    <ClInclude Include="inc\LL_RTS_Structs.h">
      <Filter>Header Files</Filter>
    </ClInclude>
    <ClInclude Include="inc\LL_RTS_GameMaster.h">
      <Filter>Header Files</Filter>
    </ClInclude>
    <ClInclude Include="inc\LL_RTS_Entity.h">
      <Filter>Header Files</Filter>
    </ClInclude>
    <ClInclude Include="inc\LL_RTS_EntitySlot.h">
      <Filter>Header Files</Filter>
    </ClInclude>
    <ClInclude Include="inc\LL_RTS_ResourcePool.h">
      <Filter>Header Files</Filter>
    </ClInclude>
    <ClInclude Include="inc\LL_Grid.h">
      <Filter>Header Files</Filter>
    </ClInclude>
    <ClInclude Include="inc\LL_GridTile.h">
      <Filter>Header Files</Filter>
    </ClInclude>
    <ClInclude Include="inc\LL_Pathfinder.h">
      <Filter>Header Files</Filter>
    </ClInclude>
    <ClInclude Include="inc\LL_Movement.h">
      <Filter>Header Files</Filter>
    </ClInclude>
  </ItemGroup>
  <ItemGroup>
    <None Include="..\.github\copilot-instructions.md" />
  </ItemGroup>
</Project>